
Microsoft Visual Studio Solution File, Format Version 12.00
# Visual Studio Version 17
VisualStudioVersion = 17.0.32014.148
MinimumVisualStudioVersion = 10.0.40219.1
Project("{FAE04EC0-301F-11D3-BF4B-00C04F79EFBC}") = "Xentab.UWP", "Xentab\Xentab.UWP\Xentab.UWP.csproj", "{CBCD369A-395A-49B4-A61B-E69D9AE2C323}"
EndProject
Project("{FAE04EC0-301F-11D3-BF4B-00C04F79EFBC}") = "Xentab.Android", "Xentab\Xentab.Android\Xentab.Android.csproj", "{02153785-AB1C-4DB3-8A05-46F28C94D9E1}"
EndProject
Project("{FAE04EC0-301F-11D3-BF4B-00C04F79EFBC}") = "Xentab.iOS", "Xentab\Xentab.iOS\Xentab.iOS.csproj", "{70F45BCA-01E4-41BE-B564-050B694A6E44}"
EndProject
Project("{FAE04EC0-301F-11D3-BF4B-00C04F79EFBC}") = "Xentab", "Xentab\Xentab\Xentab.csproj", "{C2332B5D-78AF-4574-A2E5-C31EF205E1A1}"
EndProject
Global
	GlobalSection(SolutionConfigurationPlatforms) = preSolution
		Debug|Any CPU = Debug|Any CPU
		Debug|ARM = Debug|ARM
		Debug|iPhone = Debug|iPhone
		Debug|iPhoneSimulator = Debug|iPhoneSimulator
		Debug|x64 = Debug|x64
		Debug|x86 = Debug|x86
		Release|Any CPU = Release|Any CPU
		Release|ARM = Release|ARM
		Release|iPhone = Release|iPhone
		Release|iPhoneSimulator = Release|iPhoneSimulator
		Release|x64 = Release|x64
		Release|x86 = Release|x86
	EndGlobalSection
	GlobalSection(ProjectConfigurationPlatforms) = postSolution
		{CBCD369A-395A-49B4-A61B-E69D9AE2C323}.Debug|Any CPU.ActiveCfg = Debug|x64
		{CBCD369A-395A-49B4-A61B-E69D9AE2C323}.Debug|Any CPU.Build.0 = Debug|x64
		{CBCD369A-395A-49B4-A61B-E69D9AE2C323}.Debug|Any CPU.Deploy.0 = Debug|x64
		{CBCD369A-395A-49B4-A61B-E69D9AE2C323}.Debug|ARM.ActiveCfg = Debug|ARM
		{CBCD369A-395A-49B4-A61B-E69D9AE2C323}.Debug|ARM.Build.0 = Debug|ARM
		{CBCD369A-395A-49B4-A61B-E69D9AE2C323}.Debug|ARM.Deploy.0 = Debug|ARM
		{CBCD369A-395A-49B4-A61B-E69D9AE2C323}.Debug|iPhone.ActiveCfg = Debug|x64
		{CBCD369A-395A-49B4-A61B-E69D9AE2C323}.Debug|iPhone.Build.0 = Debug|x64
		{CBCD369A-395A-49B4-A61B-E69D9AE2C323}.Debug|iPhone.Deploy.0 = Debug|x64
		{CBCD369A-395A-49B4-A61B-E69D9AE2C323}.Debug|iPhoneSimulator.ActiveCfg = Debug|x64
		{CBCD369A-395A-49B4-A61B-E69D9AE2C323}.Debug|iPhoneSimulator.Build.0 = Debug|x64
		{CBCD369A-395A-49B4-A61B-E69D9AE2C323}.Debug|iPhoneSimulator.Deploy.0 = Debug|x64
		{CBCD369A-395A-49B4-A61B-E69D9AE2C323}.Debug|x64.ActiveCfg = Debug|x64
		{CBCD369A-395A-49B4-A61B-E69D9AE2C323}.Debug|x64.Build.0 = Debug|x64
		{CBCD369A-395A-49B4-A61B-E69D9AE2C323}.Debug|x64.Deploy.0 = Debug|x64
		{CBCD369A-395A-49B4-A61B-E69D9AE2C323}.Debug|x86.ActiveCfg = Debug|x86
		{CBCD369A-395A-49B4-A61B-E69D9AE2C323}.Debug|x86.Build.0 = Debug|x86
		{CBCD369A-395A-49B4-A61B-E69D9AE2C323}.Debug|x86.Deploy.0 = Debug|x86
		{CBCD369A-395A-49B4-A61B-E69D9AE2C323}.Release|Any CPU.ActiveCfg = Release|x64
		{CBCD369A-395A-49B4-A61B-E69D9AE2C323}.Release|Any CPU.Build.0 = Release|x64
		{CBCD369A-395A-49B4-A61B-E69D9AE2C323}.Release|Any CPU.Deploy.0 = Release|x64
		{CBCD369A-395A-49B4-A61B-E69D9AE2C323}.Release|ARM.ActiveCfg = Release|ARM
		{CBCD369A-395A-49B4-A61B-E69D9AE2C323}.Release|ARM.Build.0 = Release|ARM
		{CBCD369A-395A-49B4-A61B-E69D9AE2C323}.Release|ARM.Deploy.0 = Release|ARM
		{CBCD369A-395A-49B4-A61B-E69D9AE2C323}.Release|iPhone.ActiveCfg = Release|x64
		{CBCD369A-395A-49B4-A61B-E69D9AE2C323}.Release|iPhone.Build.0 = Release|x64
		{CBCD369A-395A-49B4-A61B-E69D9AE2C323}.Release|iPhone.Deploy.0 = Release|x64
		{CBCD369A-395A-49B4-A61B-E69D9AE2C323}.Release|iPhoneSimulator.ActiveCfg = Release|x64
		{CBCD369A-395A-49B4-A61B-E69D9AE2C323}.Release|iPhoneSimulator.Build.0 = Release|x64
		{CBCD369A-395A-49B4-A61B-E69D9AE2C323}.Release|iPhoneSimulator.Deploy.0 = Release|x64
		{CBCD369A-395A-49B4-A61B-E69D9AE2C323}.Release|x64.ActiveCfg = Release|x64
		{CBCD369A-395A-49B4-A61B-E69D9AE2C323}.Release|x64.Build.0 = Release|x64
		{CBCD369A-395A-49B4-A61B-E69D9AE2C323}.Release|x64.Deploy.0 = Release|x64
		{CBCD369A-395A-49B4-A61B-E69D9AE2C323}.Release|x86.ActiveCfg = Release|x86
		{CBCD369A-395A-49B4-A61B-E69D9AE2C323}.Release|x86.Build.0 = Release|x86
		{CBCD369A-395A-49B4-A61B-E69D9AE2C323}.Release|x86.Deploy.0 = Release|x86
		{02153785-AB1C-4DB3-8A05-46F28C94D9E1}.Debug|Any CPU.ActiveCfg = Debug|Any CPU
		{02153785-AB1C-4DB3-8A05-46F28C94D9E1}.Debug|Any CPU.Build.0 = Debug|Any CPU
		{02153785-AB1C-4DB3-8A05-46F28C94D9E1}.Debug|Any CPU.Deploy.0 = Debug|Any CPU
		{02153785-AB1C-4DB3-8A05-46F28C94D9E1}.Debug|ARM.ActiveCfg = Debug|Any CPU
		{02153785-AB1C-4DB3-8A05-46F28C94D9E1}.Debug|ARM.Build.0 = Debug|Any CPU
		{02153785-AB1C-4DB3-8A05-46F28C94D9E1}.Debug|ARM.Deploy.0 = Debug|Any CPU
		{02153785-AB1C-4DB3-8A05-46F28C94D9E1}.Debug|iPhone.ActiveCfg = Debug|Any CPU
		{02153785-AB1C-4DB3-8A05-46F28C94D9E1}.Debug|iPhone.Build.0 = Debug|Any CPU
		{02153785-AB1C-4DB3-8A05-46F28C94D9E1}.Debug|iPhone.Deploy.0 = Debug|Any CPU
		{02153785-AB1C-4DB3-8A05-46F28C94D9E1}.Debug|iPhoneSimulator.ActiveCfg = Debug|Any CPU
		{02153785-AB1C-4DB3-8A05-46F28C94D9E1}.Debug|iPhoneSimulator.Build.0 = Debug|Any CPU
		{02153785-AB1C-4DB3-8A05-46F28C94D9E1}.Debug|iPhoneSimulator.Deploy.0 = Debug|Any CPU
		{02153785-AB1C-4DB3-8A05-46F28C94D9E1}.Debug|x64.ActiveCfg = Debug|Any CPU
		{02153785-AB1C-4DB3-8A05-46F28C94D9E1}.Debug|x64.Build.0 = Debug|Any CPU
		{02153785-AB1C-4DB3-8A05-46F28C94D9E1}.Debug|x64.Deploy.0 = Debug|Any CPU
		{02153785-AB1C-4DB3-8A05-46F28C94D9E1}.Debug|x86.ActiveCfg = Debug|Any CPU
		{02153785-AB1C-4DB3-8A05-46F28C94D9E1}.Debug|x86.Build.0 = Debug|Any CPU
		{02153785-AB1C-4DB3-8A05-46F28C94D9E1}.Debug|x86.Deploy.0 = Debug|Any CPU
		{02153785-AB1C-4DB3-8A05-46F28C94D9E1}.Release|Any CPU.ActiveCfg = Release|Any CPU
		{02153785-AB1C-4DB3-8A05-46F28C94D9E1}.Release|Any CPU.Build.0 = Release|Any CPU
		{02153785-AB1C-4DB3-8A05-46F28C94D9E1}.Release|Any CPU.Deploy.0 = Release|Any CPU
		{02153785-AB1C-4DB3-8A05-46F28C94D9E1}.Release|ARM.ActiveCfg = Release|Any CPU
		{02153785-AB1C-4DB3-8A05-46F28C94D9E1}.Release|ARM.Build.0 = Release|Any CPU
		{02153785-AB1C-4DB3-8A05-46F28C94D9E1}.Release|ARM.Deploy.0 = Release|Any CPU
		{02153785-AB1C-4DB3-8A05-46F28C94D9E1}.Release|iPhone.ActiveCfg = Release|Any CPU
		{02153785-AB1C-4DB3-8A05-46F28C94D9E1}.Release|iPhone.Build.0 = Release|Any CPU
		{02153785-AB1C-4DB3-8A05-46F28C94D9E1}.Release|iPhone.Deploy.0 = Release|Any CPU
		{02153785-AB1C-4DB3-8A05-46F28C94D9E1}.Release|iPhoneSimulator.ActiveCfg = Release|Any CPU
		{02153785-AB1C-4DB3-8A05-46F28C94D9E1}.Release|iPhoneSimulator.Build.0 = Release|Any CPU
		{02153785-AB1C-4DB3-8A05-46F28C94D9E1}.Release|iPhoneSimulator.Deploy.0 = Release|Any CPU
		{02153785-AB1C-4DB3-8A05-46F28C94D9E1}.Release|x64.ActiveCfg = Release|Any CPU
		{02153785-AB1C-4DB3-8A05-46F28C94D9E1}.Release|x64.Build.0 = Release|Any CPU
		{02153785-AB1C-4DB3-8A05-46F28C94D9E1}.Release|x64.Deploy.0 = Release|Any CPU
		{02153785-AB1C-4DB3-8A05-46F28C94D9E1}.Release|x86.ActiveCfg = Release|Any CPU
		{02153785-AB1C-4DB3-8A05-46F28C94D9E1}.Release|x86.Build.0 = Release|Any CPU
		{02153785-AB1C-4DB3-8A05-46F28C94D9E1}.Release|x86.Deploy.0 = Release|Any CPU
		{70F45BCA-01E4-41BE-B564-050B694A6E44}.Debug|Any CPU.ActiveCfg = Debug|iPhoneSimulator
		{70F45BCA-01E4-41BE-B564-050B694A6E44}.Debug|Any CPU.Build.0 = Debug|iPhoneSimulator
		{70F45BCA-01E4-41BE-B564-050B694A6E44}.Debug|Any CPU.Deploy.0 = Debug|iPhoneSimulator
		{70F45BCA-01E4-41BE-B564-050B694A6E44}.Debug|ARM.ActiveCfg = Debug|iPhoneSimulator
		{70F45BCA-01E4-41BE-B564-050B694A6E44}.Debug|ARM.Build.0 = Debug|iPhoneSimulator
		{70F45BCA-01E4-41BE-B564-050B694A6E44}.Debug|ARM.Deploy.0 = Debug|iPhoneSimulator
		{70F45BCA-01E4-41BE-B564-050B694A6E44}.Debug|iPhone.ActiveCfg = Debug|iPhone
		{70F45BCA-01E4-41BE-B564-050B694A6E44}.Debug|iPhone.Build.0 = Debug|iPhone
		{70F45BCA-01E4-41BE-B564-050B694A6E44}.Debug|iPhone.Deploy.0 = Debug|iPhone
		{70F45BCA-01E4-41BE-B564-050B694A6E44}.Debug|iPhoneSimulator.ActiveCfg = Debug|iPhoneSimulator
		{70F45BCA-01E4-41BE-B564-050B694A6E44}.Debug|iPhoneSimulator.Build.0 = Debug|iPhoneSimulator
		{70F45BCA-01E4-41BE-B564-050B694A6E44}.Debug|iPhoneSimulator.Deploy.0 = Debug|iPhoneSimulator
		{70F45BCA-01E4-41BE-B564-050B694A6E44}.Debug|x64.ActiveCfg = Debug|iPhone
		{70F45BCA-01E4-41BE-B564-050B694A6E44}.Debug|x64.Build.0 = Debug|iPhone
		{70F45BCA-01E4-41BE-B564-050B694A6E44}.Debug|x64.Deploy.0 = Debug|iPhone
		{70F45BCA-01E4-41BE-B564-050B694A6E44}.Debug|x86.ActiveCfg = Debug|iPhoneSimulator
		{70F45BCA-01E4-41BE-B564-050B694A6E44}.Debug|x86.Build.0 = Debug|iPhoneSimulator
		{70F45BCA-01E4-41BE-B564-050B694A6E44}.Debug|x86.Deploy.0 = Debug|iPhoneSimulator
		{70F45BCA-01E4-41BE-B564-050B694A6E44}.Release|Any CPU.ActiveCfg = Release|iPhoneSimulator
		{70F45BCA-01E4-41BE-B564-050B694A6E44}.Release|Any CPU.Build.0 = Release|iPhoneSimulator
		{70F45BCA-01E4-41BE-B564-050B694A6E44}.Release|Any CPU.Deploy.0 = Release|iPhoneSimulator
		{70F45BCA-01E4-41BE-B564-050B694A6E44}.Release|ARM.ActiveCfg = Release|iPhoneSimulator
		{70F45BCA-01E4-41BE-B564-050B694A6E44}.Release|ARM.Build.0 = Release|iPhoneSimulator
		{70F45BCA-01E4-41BE-B564-050B694A6E44}.Release|ARM.Deploy.0 = Release|iPhoneSimulator
		{70F45BCA-01E4-41BE-B564-050B694A6E44}.Release|iPhone.ActiveCfg = Release|iPhone
		{70F45BCA-01E4-41BE-B564-050B694A6E44}.Release|iPhone.Build.0 = Release|iPhone
		{70F45BCA-01E4-41BE-B564-050B694A6E44}.Release|iPhone.Deploy.0 = Release|iPhone
		{70F45BCA-01E4-41BE-B564-050B694A6E44}.Release|iPhoneSimulator.ActiveCfg = Release|iPhoneSimulator
		{70F45BCA-01E4-41BE-B564-050B694A6E44}.Release|iPhoneSimulator.Build.0 = Release|iPhoneSimulator
		{70F45BCA-01E4-41BE-B564-050B694A6E44}.Release|iPhoneSimulator.Deploy.0 = Release|iPhoneSimulator
		{70F45BCA-01E4-41BE-B564-050B694A6E44}.Release|x64.ActiveCfg = Release|iPhoneSimulator
		{70F45BCA-01E4-41BE-B564-050B694A6E44}.Release|x64.Build.0 = Release|iPhoneSimulator
		{70F45BCA-01E4-41BE-B564-050B694A6E44}.Release|x64.Deploy.0 = Release|iPhoneSimulator
		{70F45BCA-01E4-41BE-B564-050B694A6E44}.Release|x86.ActiveCfg = Release|iPhoneSimulator
		{70F45BCA-01E4-41BE-B564-050B694A6E44}.Release|x86.Build.0 = Release|iPhoneSimulator
		{70F45BCA-01E4-41BE-B564-050B694A6E44}.Release|x86.Deploy.0 = Release|iPhoneSimulator
		{C2332B5D-78AF-4574-A2E5-C31EF205E1A1}.Debug|Any CPU.ActiveCfg = Debug|Any CPU
		{C2332B5D-78AF-4574-A2E5-C31EF205E1A1}.Debug|Any CPU.Build.0 = Debug|Any CPU
		{C2332B5D-78AF-4574-A2E5-C31EF205E1A1}.Debug|Any CPU.Deploy.0 = Debug|Any CPU
		{C2332B5D-78AF-4574-A2E5-C31EF205E1A1}.Debug|ARM.ActiveCfg = Debug|Any CPU
		{C2332B5D-78AF-4574-A2E5-C31EF205E1A1}.Debug|ARM.Build.0 = Debug|Any CPU
		{C2332B5D-78AF-4574-A2E5-C31EF205E1A1}.Debug|ARM.Deploy.0 = Debug|Any CPU
		{C2332B5D-78AF-4574-A2E5-C31EF205E1A1}.Debug|iPhone.ActiveCfg = Debug|Any CPU
		{C2332B5D-78AF-4574-A2E5-C31EF205E1A1}.Debug|iPhone.Build.0 = Debug|Any CPU
		{C2332B5D-78AF-4574-A2E5-C31EF205E1A1}.Debug|iPhone.Deploy.0 = Debug|Any CPU
		{C2332B5D-78AF-4574-A2E5-C31EF205E1A1}.Debug|iPhoneSimulator.ActiveCfg = Debug|Any CPU
		{C2332B5D-78AF-4574-A2E5-C31EF205E1A1}.Debug|iPhoneSimulator.Build.0 = Debug|Any CPU
		{C2332B5D-78AF-4574-A2E5-C31EF205E1A1}.Debug|iPhoneSimulator.Deploy.0 = Debug|Any CPU
		{C2332B5D-78AF-4574-A2E5-C31EF205E1A1}.Debug|x64.ActiveCfg = Debug|Any CPU
		{C2332B5D-78AF-4574-A2E5-C31EF205E1A1}.Debug|x64.Build.0 = Debug|Any CPU
		{C2332B5D-78AF-4574-A2E5-C31EF205E1A1}.Debug|x64.Deploy.0 = Debug|Any CPU
		{C2332B5D-78AF-4574-A2E5-C31EF205E1A1}.Debug|x86.ActiveCfg = Debug|Any CPU
		{C2332B5D-78AF-4574-A2E5-C31EF205E1A1}.Debug|x86.Build.0 = Debug|Any CPU
		{C2332B5D-78AF-4574-A2E5-C31EF205E1A1}.Debug|x86.Deploy.0 = Debug|Any CPU
		{C2332B5D-78AF-4574-A2E5-C31EF205E1A1}.Release|Any CPU.ActiveCfg = Release|Any CPU
		{C2332B5D-78AF-4574-A2E5-C31EF205E1A1}.Release|Any CPU.Build.0 = Release|Any CPU
		{C2332B5D-78AF-4574-A2E5-C31EF205E1A1}.Release|Any CPU.Deploy.0 = Release|Any CPU
		{C2332B5D-78AF-4574-A2E5-C31EF205E1A1}.Release|ARM.ActiveCfg = Release|Any CPU
		{C2332B5D-78AF-4574-A2E5-C31EF205E1A1}.Release|ARM.Build.0 = Release|Any CPU
		{C2332B5D-78AF-4574-A2E5-C31EF205E1A1}.Release|ARM.Deploy.0 = Release|Any CPU
		{C2332B5D-78AF-4574-A2E5-C31EF205E1A1}.Release|iPhone.ActiveCfg = Release|Any CPU
		{C2332B5D-78AF-4574-A2E5-C31EF205E1A1}.Release|iPhone.Build.0 = Release|Any CPU
		{C2332B5D-78AF-4574-A2E5-C31EF205E1A1}.Release|iPhone.Deploy.0 = Release|Any CPU
		{C2332B5D-78AF-4574-A2E5-C31EF205E1A1}.Release|iPhoneSimulator.ActiveCfg = Release|Any CPU
		{C2332B5D-78AF-4574-A2E5-C31EF205E1A1}.Release|iPhoneSimulator.Build.0 = Release|Any CPU
		{C2332B5D-78AF-4574-A2E5-C31EF205E1A1}.Release|iPhoneSimulator.Deploy.0 = Release|Any CPU
		{C2332B5D-78AF-4574-A2E5-C31EF205E1A1}.Release|x64.ActiveCfg = Release|Any CPU
		{C2332B5D-78AF-4574-A2E5-C31EF205E1A1}.Release|x64.Build.0 = Release|Any CPU
		{C2332B5D-78AF-4574-A2E5-C31EF205E1A1}.Release|x64.Deploy.0 = Release|Any CPU
		{C2332B5D-78AF-4574-A2E5-C31EF205E1A1}.Release|x86.ActiveCfg = Release|Any CPU
		{C2332B5D-78AF-4574-A2E5-C31EF205E1A1}.Release|x86.Build.0 = Release|Any CPU
		{C2332B5D-78AF-4574-A2E5-C31EF205E1A1}.Release|x86.Deploy.0 = Release|Any CPU
	EndGlobalSection
	GlobalSection(SolutionProperties) = preSolution
		HideSolutionNode = FALSE
	EndGlobalSection
	GlobalSection(ExtensibilityGlobals) = postSolution
		SolutionGuid = {F6B0BDB8-7FC6-49E3-984D-136C3777660B}
	EndGlobalSection
EndGlobal
